
Microsoft Visual Studio Solution File, Format Version 12.00
# Visual Studio 15
VisualStudioVersion = 15.0.27428.2002
MinimumVisualStudioVersion = 10.0.40219.1
Project("{FAE04EC0-301F-11D3-BF4B-00C04F79EFBC}") = "CalculadoraDeMedia-UNINTER", "CalculadoraDeMedia-UNINTER\CalculadoraDeMedia-UNINTER.csproj", "{8206B24D-9260-4470-B565-292893E9AB8F}"
EndProject
Global
	GlobalSection(SolutionConfigurationPlatforms) = preSolution
		Debug|Any CPU = Debug|Any CPU
		Release|Any CPU = Release|Any CPU
	EndGlobalSection
	GlobalSection(ProjectConfigurationPlatforms) = postSolution
		{8206B24D-9260-4470-B565-292893E9AB8F}.Debug|Any CPU.ActiveCfg = Debug|Any CPU
		{8206B24D-9260-4470-B565-292893E9AB8F}.Debug|Any CPU.Build.0 = Debug|Any CPU
		{8206B24D-9260-4470-B565-292893E9AB8F}.Release|Any CPU.ActiveCfg = Release|Any CPU
		{8206B24D-9260-4470-B565-292893E9AB8F}.Release|Any CPU.Build.0 = Release|Any CPU
	EndGlobalSection
	GlobalSection(SolutionProperties) = preSolution
		HideSolutionNode = FALSE
	EndGlobalSection
	GlobalSection(ExtensibilityGlobals) = postSolution
		SolutionGuid = {80D2441D-86A0-4007-822B-05C209614005}
	EndGlobalSection
EndGlobal
